
Microsoft Visual Studio Solution File, Format Version 12.00
# Visual Studio Version 16
VisualStudioVersion = 16.0.31729.503
MinimumVisualStudioVersion = 10.0.40219.1
Project("{FAE04EC0-301F-11D3-BF4B-00C04F79EFBC}") = "Biblioteca", "Biblioteca.csproj", "{A8632A5C-385B-4152-926E-EFB9FF280468}"
EndProject
Global
	GlobalSection(SolutionConfigurationPlatforms) = preSolution
		Debug|Any CPU = Debug|Any CPU
		Release|Any CPU = Release|Any CPU
	EndGlobalSection
	GlobalSection(ProjectConfigurationPlatforms) = postSolution
		{A8632A5C-385B-4152-926E-EFB9FF280468}.Debug|Any CPU.ActiveCfg = Debug|Any CPU
		{A8632A5C-385B-4152-926E-EFB9FF280468}.Debug|Any CPU.Build.0 = Debug|Any CPU
		{A8632A5C-385B-4152-926E-EFB9FF280468}.Release|Any CPU.ActiveCfg = Release|Any CPU
		{A8632A5C-385B-4152-926E-EFB9FF280468}.Release|Any CPU.Build.0 = Release|Any CPU
	EndGlobalSection
	GlobalSection(SolutionProperties) = preSolution
		HideSolutionNode = FALSE
	EndGlobalSection
	GlobalSection(ExtensibilityGlobals) = postSolution
		SolutionGuid = {B3CBF742-13C8-4DE8-AAF2-3A906426E4A0}
	EndGlobalSection
EndGlobal
